
Microsoft Visual Studio Solution File, Format Version 12.00
# Visual Studio Version 16
VisualStudioVersion = 16.0.30804.86
MinimumVisualStudioVersion = 10.0.40219.1
Project("{FAE04EC0-301F-11D3-BF4B-00C04F79EFBC}") = "C200", "C200.csproj", "{7F60C8F7-F3AA-44EB-9229-CFD01FF32A0B}"
EndProject
Global
	GlobalSection(SolutionConfigurationPlatforms) = preSolution
		Debug|Any CPU = Debug|Any CPU
		Release|Any CPU = Release|Any CPU
	EndGlobalSection
	GlobalSection(ProjectConfigurationPlatforms) = postSolution
		{7F60C8F7-F3AA-44EB-9229-CFD01FF32A0B}.Debug|Any CPU.ActiveCfg = Debug|Any CPU
		{7F60C8F7-F3AA-44EB-9229-CFD01FF32A0B}.Debug|Any CPU.Build.0 = Debug|Any CPU
		{7F60C8F7-F3AA-44EB-9229-CFD01FF32A0B}.Release|Any CPU.ActiveCfg = Release|Any CPU
		{7F60C8F7-F3AA-44EB-9229-CFD01FF32A0B}.Release|Any CPU.Build.0 = Release|Any CPU
	EndGlobalSection
	GlobalSection(SolutionProperties) = preSolution
		HideSolutionNode = FALSE
	EndGlobalSection
	GlobalSection(ExtensibilityGlobals) = postSolution
		SolutionGuid = {E42BAD79-2BEB-4DD5-B3D3-E7C385771F58}
	EndGlobalSection
EndGlobal
